// !$*UTF8*$!
{
	archiveVersion = 1;
	classes = {
	};
	objectVersion = 46;
	objects = {

/* Begin PBXBuildFile section */
		661A457619AC471F00E8DF21 /* main.swift in Sources */ = {isa = PBXBuildFile; fileRef = 661A457519AC471F00E8DF21 /* main.swift */; };
		661A457819AC471F00E8DF21 /* AppDelegate.swift in Sources */ = {isa = PBXBuildFile; fileRef = 661A457719AC471F00E8DF21 /* AppDelegate.swift */; };
		661A457A19AC471F00E8DF21 /* Images.xcassets in Resources */ = {isa = PBXBuildFile; fileRef = 661A457919AC471F00E8DF21 /* Images.xcassets */; };
		661A457D19AC471F00E8DF21 /* MainMenu.xib in Resources */ = {isa = PBXBuildFile; fileRef = 661A457B19AC471F00E8DF21 /* MainMenu.xib */; };
		661A458919AC471F00E8DF21 /* UITestTests.swift in Sources */ = {isa = PBXBuildFile; fileRef = 661A458819AC471F00E8DF21 /* UITestTests.swift */; };
/* End PBXBuildFile section */

/* Begin PBXContainerItemProxy section */
		661A458319AC471F00E8DF21 /* PBXContainerItemProxy */ = {
			isa = PBXContainerItemProxy;
			containerPortal = 661A456819AC471F00E8DF21 /* Project object */;
			proxyType = 1;
			remoteGlobalIDString = 661A456F19AC471F00E8DF21;
			remoteInfo = UITest;
		};
/* End PBXContainerItemProxy section */

/* Begin PBXFileReference section */
		661A457019AC471F00E8DF21 /* UITest.app */ = {isa = PBXFileReference; explicitFileType = wrapper.application; includeInIndex = 0; path = UITest.app; sourceTree = BUILT_PRODUCTS_DIR; };
		661A457419AC471F00E8DF21 /* Info.plist */ = {isa = PBXFileReference; lastKnownFileType = text.plist.xml; path = Info.plist; sourceTree = "<group>"; };
		661A457519AC471F00E8DF21 /* main.swift */ = {isa = PBXFileReference; lastKnownFileType = sourcecode.swift; path = main.swift; sourceTree = "<group>"; };
		661A457719AC471F00E8DF21 /* AppDelegate.swift */ = {isa = PBXFileReference; lastKnownFileType = sourcecode.swift; path = AppDelegate.swift; sourceTree = "<group>"; };
		661A457919AC471F00E8DF21 /* Images.xcassets */ = {isa = PBXFileReference; lastKnownFileType = folder.assetcatalog; path = Images.xcassets; sourceTree = "<group>"; };
		661A457C19AC471F00E8DF21 /* Base */ = {isa = PBXFileReference; lastKnownFileType = file.xib; name = Base; path = Base.lproj/MainMenu.xib; sourceTree = "<group>"; };
		661A458219AC471F00E8DF21 /* UITestTests.xctest */ = {isa = PBXFileReference; explicitFileType = wrapper.cfbundle; includeInIndex = 0; path = UITestTests.xctest; sourceTree = BUILT_PRODUCTS_DIR; };
		661A458719AC471F00E8DF21 /* Info.plist */ = {isa = PBXFileReference; lastKnownFileType = text.plist.xml; path = Info.plist; sourceTree = "<group>"; };
		661A458819AC471F00E8DF21 /* UITestTests.swift */ = {isa = PBXFileReference; lastKnownFileType = sourcecode.swift; path = UITestTests.swift; sourceTree = "<group>"; };
/* End PBXFileReference section */

/* Begin PBXFrameworksBuildPhase section */
		661A456D19AC471F00E8DF21 /* Frameworks */ = {
			isa = PBXFrameworksBuildPhase;
			buildActionMask = 2147483647;
			files = (
			);
			runOnlyForDeploymentPostprocessing = 0;
		};
		661A457F19AC471F00E8DF21 /* Frameworks */ = {
			isa = PBXFrameworksBuildPhase;
			buildActionMask = 2147483647;
			files = (
			);
			runOnlyForDeploymentPostprocessing = 0;
		};
/* End PBXFrameworksBuildPhase section */

/* Begin PBXGroup section */
		661A456719AC471F00E8DF21 = {
			isa = PBXGroup;
			children = (
				661A457219AC471F00E8DF21 /* UITest */,
				661A458519AC471F00E8DF21 /* UITestTests */,
				661A457119AC471F00E8DF21 /* Products */,
			);
			sourceTree = "<group>";
		};
		661A457119AC471F00E8DF21 /* Products */ = {
			isa = PBXGroup;
			children = (
				661A457019AC471F00E8DF21 /* UITest.app */,
				661A458219AC471F00E8DF21 /* UITestTests.xctest */,
			);
			name = Products;
			sourceTree = "<group>";
		};
		661A457219AC471F00E8DF21 /* UITest */ = {
			isa = PBXGroup;
			children = (
				661A457719AC471F00E8DF21 /* AppDelegate.swift */,
				661A457919AC471F00E8DF21 /* Images.xcassets */,
				661A457B19AC471F00E8DF21 /* MainMenu.xib */,
				661A457319AC471F00E8DF21 /* Supporting Files */,
			);
			path = UITest;
			sourceTree = "<group>";
		};
		661A457319AC471F00E8DF21 /* Supporting Files */ = {
			isa = PBXGroup;
			children = (
				661A457419AC471F00E8DF21 /* Info.plist */,
				661A457519AC471F00E8DF21 /* main.swift */,
			);
			name = "Supporting Files";
			sourceTree = "<group>";
		};
		661A458519AC471F00E8DF21 /* UITestTests */ = {
			isa = PBXGroup;
			children = (
				661A458819AC471F00E8DF21 /* UITestTests.swift */,
				661A458619AC471F00E8DF21 /* Supporting Files */,
			);
			path = UITestTests;
			sourceTree = "<group>";
		};
		661A458619AC471F00E8DF21 /* Supporting Files */ = {
			isa = PBXGroup;
			children = (
				661A458719AC471F00E8DF21 /* Info.plist */,
			);
			name = "Supporting Files";
			sourceTree = "<group>";
		};
/* End PBXGroup section */

/* Begin PBXNativeTarget section */
		661A456F19AC471F00E8DF21 /* UITest */ = {
			isa = PBXNativeTarget;
			buildConfigurationList = 661A458C19AC471F00E8DF21 /* Build configuration list for PBXNativeTarget "UITest" */;
			buildPhases = (
				661A456C19AC471F00E8DF21 /* Sources */,
				661A456D19AC471F00E8DF21 /* Frameworks */,
				661A456E19AC471F00E8DF21 /* Resources */,
			);
			buildRules = (
			);
			dependencies = (
			);
			name = UITest;
			productName = UITest;
			productReference = 661A457019AC471F00E8DF21 /* UITest.app */;
			productType = "com.apple.product-type.application";
		};
		661A458119AC471F00E8DF21 /* UITestTests */ = {
			isa = PBXNativeTarget;
			buildConfigurationList = 661A458F19AC471F00E8DF21 /* Build configuration list for PBXNativeTarget "UITestTests" */;
			buildPhases = (
				661A457E19AC471F00E8DF21 /* Sources */,
				661A457F19AC471F00E8DF21 /* Frameworks */,
				661A458019AC471F00E8DF21 /* Resources */,
			);
			buildRules = (
			);
			dependencies = (
				661A458419AC471F00E8DF21 /* PBXTargetDependency */,
			);
			name = UITestTests;
			productName = UITestTests;
			productReference = 661A458219AC471F00E8DF21 /* UITestTests.xctest */;
			productType = "com.apple.product-type.bundle.unit-test";
		};
/* End PBXNativeTarget section */

/* Begin PBXProject section */
		661A456819AC471F00E8DF21 /* Project object */ = {
			isa = PBXProject;
			attributes = {
				LastUpgradeCheck = 0600;
				ORGANIZATIONNAME = "Adam Riggs";
				TargetAttributes = {
					661A456F19AC471F00E8DF21 = {
						CreatedOnToolsVersion = 6.0;
					};
					661A458119AC471F00E8DF21 = {
						CreatedOnToolsVersion = 6.0;
						TestTargetID = 661A456F19AC471F00E8DF21;
					};
				};
			};
			buildConfigurationList = 661A456B19AC471F00E8DF21 /* Build configuration list for PBXProject "UITest" */;
			compatibilityVersion = "Xcode 3.2";
			developmentRegion = English;
			hasScannedForEncodings = 0;
			knownRegions = (
				en,
				Base,
			);
			mainGroup = 661A456719AC471F00E8DF21;
			productRefGroup = 661A457119AC471F00E8DF21 /* Products */;
			projectDirPath = "";
			projectRoot = "";
			targets = (
				661A456F19AC471F00E8DF21 /* UITest */,
				661A458119AC471F00E8DF21 /* UITestTests */,
			);
		};
/* End PBXProject section */

/* Begin PBXResourcesBuildPhase section */
		661A456E19AC471F00E8DF21 /* Resources */ = {
			isa = PBXResourcesBuildPhase;
			buildActionMask = 2147483647;
			files = (
				661A457A19AC471F00E8DF21 /* Images.xcassets in Resources */,
				661A457D19AC471F00E8DF21 /* MainMenu.xib in Resources */,
			);
			runOnlyForDeploymentPostprocessing = 0;
		};
		661A458019AC471F00E8DF21 /* Resources */ = {
			isa = PBXResourcesBuildPhase;
			buildActionMask = 2147483647;
			files = (
			);
			runOnlyForDeploymentPostprocessing = 0;
		};
/* End PBXResourcesBuildPhase section */

/* Begin PBXSourcesBuildPhase section */
		661A456C19AC471F00E8DF21 /* Sources */ = {
			isa = PBXSourcesBuildPhase;
			buildActionMask = 2147483647;
			files = (
				661A457819AC471F00E8DF21 /* AppDelegate.swift in Sources */,
				661A457619AC471F00E8DF21 /* main.swift in Sources */,
			);
			runOnlyForDeploymentPostprocessing = 0;
		};
		661A457E19AC471F00E8DF21 /* Sources */ = {
			isa = PBXSourcesBuildPhase;
			buildActionMask = 2147483647;
			files = (
				661A458919AC471F00E8DF21 /* UITestTests.swift in Sources */,
			);
			runOnlyForDeploymentPostprocessing = 0;
		};
/* End PBXSourcesBuildPhase section */

/* Begin PBXTargetDependency section */
		661A458419AC471F00E8DF21 /* PBXTargetDependency */ = {
			isa = PBXTargetDependency;
			target = 661A456F19AC471F00E8DF21 /* UITest */;
			targetProxy = 661A458319AC471F00E8DF21 /* PBXContainerItemProxy */;
		};
/* End PBXTargetDependency section */

/* Begin PBXVariantGroup section */
		661A457B19AC471F00E8DF21 /* MainMenu.xib */ = {
			isa = PBXVariantGroup;
			children = (
				661A457C19AC471F00E8DF21 /* Base */,
			);
			name = MainMenu.xib;
			sourceTree = "<group>";
		};
/* End PBXVariantGroup section */

/* Begin XCBuildConfiguration section */
		661A458A19AC471F00E8DF21 /* Debug */ = {
			isa = XCBuildConfiguration;
			buildSettings = {
				ALWAYS_SEARCH_USER_PATHS = NO;
				CLANG_CXX_LANGUAGE_STANDARD = "gnu++0x";
				CLANG_CXX_LIBRARY = "libc++";
				CLANG_ENABLE_MODULES = YES;
				CLANG_ENABLE_OBJC_ARC = YES;
				CLANG_WARN_BOOL_CONVERSION = YES;
				CLANG_WARN_CONSTANT_CONVERSION = YES;
				CLANG_WARN_DIRECT_OBJC_ISA_USAGE = YES_ERROR;
				CLANG_WARN_EMPTY_BODY = YES;
				CLANG_WARN_ENUM_CONVERSION = YES;
				CLANG_WARN_INT_CONVERSION = YES;
				CLANG_WARN_OBJC_ROOT_CLASS = YES_ERROR;
				CLANG_WARN_UNREACHABLE_CODE = YES;
				CLANG_WARN__DUPLICATE_METHOD_MATCH = YES;
				CODE_SIGN_IDENTITY = "-";
				COPY_PHASE_STRIP = NO;
				ENABLE_STRICT_OBJC_MSGSEND = YES;
				GCC_C_LANGUAGE_STANDARD = gnu99;
				GCC_DYNAMIC_NO_PIC = NO;
				GCC_OPTIMIZATION_LEVEL = 0;
				GCC_PREPROCESSOR_DEFINITIONS = (
					"DEBUG=1",
					"$(inherited)",
				);
				GCC_SYMBOLS_PRIVATE_EXTERN = NO;
				GCC_WARN_64_TO_32_BIT_CONVERSION = YES;
				GCC_WARN_ABOUT_RETURN_TYPE = YES_ERROR;
				GCC_WARN_UNDECLARED_SELECTOR = YES;
				GCC_WARN_UNINITIALIZED_AUTOS = YES_AGGRESSIVE;
				GCC_WARN_UNUSED_FUNCTION = YES;
				GCC_WARN_UNUSED_VARIABLE = YES;
				MACOSX_DEPLOYMENT_TARGET = 10.9;
				MTL_ENABLE_DEBUG_INFO = YES;
				ONLY_ACTIVE_ARCH = YES;
				SDKROOT = macosx;
				SWIFT_OPTIMIZATION_LEVEL = "-Onone";
			};
			name = Debug;
		};
		661A458B19AC471F00E8DF21 /* Release */ = {
			isa = XCBuildConfiguration;
			buildSettings = {
				ALWAYS_SEARCH_USER_PATHS = NO;
				CLANG_CXX_LANGUAGE_STANDARD = "gnu++0x";
				CLANG_CXX_LIBRARY = "libc++";
				CLANG_ENABLE_MODULES = YES;
				CLANG_ENABLE_OBJC_ARC = YES;
				CLANG_WARN_BOOL_CONVERSION = YES;
				CLANG_WARN_CONSTANT_CONVERSION = YES;
				CLANG_WARN_DIRECT_OBJC_ISA_USAGE = YES_ERROR;
				CLANG_WARN_EMPTY_BODY = YES;
				CLANG_WARN_ENUM_CONVERSION = YES;
				CLANG_WARN_INT_CONVERSION = YES;
				CLANG_WARN_OBJC_ROOT_CLASS = YES_ERROR;
				CLANG_WARN_UNREACHABLE_CODE = YES;
				CLANG_WARN__DUPLICATE_METHOD_MATCH = YES;
				CODE_SIGN_IDENTITY = "-";
				COPY_PHASE_STRIP = YES;
				DEBUG_INFORMATION_FORMAT = "dwarf-with-dsym";
				ENABLE_NS_ASSERTIONS = NO;
				ENABLE_STRICT_OBJC_MSGSEND = YES;
				GCC_C_LANGUAGE_STANDARD = gnu99;
				GCC_WARN_64_TO_32_BIT_CONVERSION = YES;
				GCC_WARN_ABOUT_RETURN_TYPE = YES_ERROR;
				GCC_WARN_UNDECLARED_SELECTOR = YES;
				GCC_WARN_UNINITIALIZED_AUTOS = YES_AGGRESSIVE;
				GCC_WARN_UNUSED_FUNCTION = YES;
				GCC_WARN_UNUSED_VARIABLE = YES;
				MACOSX_DEPLOYMENT_TARGET = 10.9;
				MTL_ENABLE_DEBUG_INFO = NO;
				SDKROOT = macosx;
			};
			name = Release;
		};
		661A458D19AC471F00E8DF21 /* Debug */ = {
			isa = XCBuildConfiguration;
			buildSettings = {
				ASSETCATALOG_COMPILER_APPICON_NAME = AppIcon;
				COMBINE_HIDPI_IMAGES = YES;
				INFOPLIST_FILE = UITest/Info.plist;
				LD_RUNPATH_SEARCH_PATHS = "$(inherited) @executable_path/../Frameworks";
				PRODUCT_NAME = "$(TARGET_NAME)";
			};
			name = Debug;
		};
		661A458E19AC471F00E8DF21 /* Release */ = {
			isa = XCBuildConfiguration;
			buildSettings = {
				ASSETCATALOG_COMPILER_APPICON_NAME = AppIcon;
				COMBINE_HIDPI_IMAGES = YES;
				INFOPLIST_FILE = UITest/Info.plist;
				LD_RUNPATH_SEARCH_PATHS = "$(inherited) @executable_path/../Frameworks";
				PRODUCT_NAME = "$(TARGET_NAME)";
			};
			name = Release;
		};
		661A459019AC471F00E8DF21 /* Debug */ = {
			isa = XCBuildConfiguration;
			buildSettings = {
				BUNDLE_LOADER = "$(BUILT_PRODUCTS_DIR)/UITest.app/Contents/MacOS/UITest";
				COMBINE_HIDPI_IMAGES = YES;
				FRAMEWORK_SEARCH_PATHS = (
					"$(DEVELOPER_FRAMEWORKS_DIR)",
					"$(inherited)",
				);
				GCC_PREPROCESSOR_DEFINITIONS = (
					"DEBUG=1",
					"$(inherited)",
				);
				INFOPLIST_FILE = UITestTests/Info.plist;
				LD_RUNPATH_SEARCH_PATHS = "$(inherited) @executable_path/../Frameworks @loader_path/../Frameworks";
				PRODUCT_NAME = "$(TARGET_NAME)";
				TEST_HOST = "$(BUNDLE_LOADER)";
			};
			name = Debug;
		};
		661A459119AC471F00E8DF21 /* Release */ = {
			isa = XCBuildConfiguration;
			buildSettings = {
				BUNDLE_LOADER = "$(BUILT_PRODUCTS_DIR)/UITest.app/Contents/MacOS/UITest";
				COMBINE_HIDPI_IMAGES = YES;
				FRAMEWORK_SEARCH_PATHS = (
					"$(DEVELOPER_FRAMEWORKS_DIR)",
					"$(inherited)",
				);
				INFOPLIST_FILE = UITestTests/Info.plist;
				LD_RUNPATH_SEARCH_PATHS = "$(inherited) @executable_path/../Frameworks @loader_path/../Frameworks";
				PRODUCT_NAME = "$(TARGET_NAME)";
				TEST_HOST = "$(BUNDLE_LOADER)";
			};
			name = Release;
		};
/* End XCBuildConfiguration section */

/* Begin XCConfigurationList section */
		661A456B19AC471F00E8DF21 /* Build configuration list for PBXProject "UITest" */ = {
			isa = XCConfigurationList;
			buildConfigurations = (
				661A458A19AC471F00E8DF21 /* Debug */,
				661A458B19AC471F00E8DF21 /* Release */,
			);
			defaultConfigurationIsVisible = 0;
			defaultConfigurationName = Release;
		};
		661A458C19AC471F00E8DF21 /* Build configuration list for PBXNativeTarget "UITest" */ = {
			isa = XCConfigurationList;
			buildConfigurations = (
				661A458D19AC471F00E8DF21 /* Debug */,
				661A458E19AC471F00E8DF21 /* Release */,
			);
			defaultConfigurationIsVisible = 0;
		};
		661A458F19AC471F00E8DF21 /* Build configuration list for PBXNativeTarget "UITestTests" */ = {
			isa = XCConfigurationList;
			buildConfigurations = (
				661A459019AC471F00E8DF21 /* Debug */,
				661A459119AC471F00E8DF21 /* Release */,
			);
			defaultConfigurationIsVisible = 0;
		};
/* End XCConfigurationList section */
	};
	rootObject = 661A456819AC471F00E8DF21 /* Project object */;
}
