// !$*UTF8*$!
{
	archiveVersion = 1;
	classes = {
	};
	objectVersion = 46;
	objects = {

/* Begin PBXBuildFile section */
		6607B9B01997D5DA00448677 /* main.swift in Sources */ = {isa = PBXBuildFile; fileRef = 6607B9AF1997D5DA00448677 /* main.swift */; };
		6607B9B21997D5DA00448677 /* AppDelegate.swift in Sources */ = {isa = PBXBuildFile; fileRef = 6607B9B11997D5DA00448677 /* AppDelegate.swift */; };
		6607B9B41997D5DA00448677 /* Images.xcassets in Resources */ = {isa = PBXBuildFile; fileRef = 6607B9B31997D5DA00448677 /* Images.xcassets */; };
		6607B9B71997D5DA00448677 /* MainMenu.xib in Resources */ = {isa = PBXBuildFile; fileRef = 6607B9B51997D5DA00448677 /* MainMenu.xib */; };
		6607B9C31997D5DA00448677 /* RedditJSONTests.swift in Sources */ = {isa = PBXBuildFile; fileRef = 6607B9C21997D5DA00448677 /* RedditJSONTests.swift */; };
/* End PBXBuildFile section */

/* Begin PBXContainerItemProxy section */
		6607B9BD1997D5DA00448677 /* PBXContainerItemProxy */ = {
			isa = PBXContainerItemProxy;
			containerPortal = 6607B9A21997D5D900448677 /* Project object */;
			proxyType = 1;
			remoteGlobalIDString = 6607B9A91997D5DA00448677;
			remoteInfo = RedditJSON;
		};
/* End PBXContainerItemProxy section */

/* Begin PBXFileReference section */
		6607B9AA1997D5DA00448677 /* RedditJSON.app */ = {isa = PBXFileReference; explicitFileType = wrapper.application; includeInIndex = 0; path = RedditJSON.app; sourceTree = BUILT_PRODUCTS_DIR; };
		6607B9AE1997D5DA00448677 /* Info.plist */ = {isa = PBXFileReference; lastKnownFileType = text.plist.xml; path = Info.plist; sourceTree = "<group>"; };
		6607B9AF1997D5DA00448677 /* main.swift */ = {isa = PBXFileReference; lastKnownFileType = sourcecode.swift; path = main.swift; sourceTree = "<group>"; };
		6607B9B11997D5DA00448677 /* AppDelegate.swift */ = {isa = PBXFileReference; lastKnownFileType = sourcecode.swift; path = AppDelegate.swift; sourceTree = "<group>"; };
		6607B9B31997D5DA00448677 /* Images.xcassets */ = {isa = PBXFileReference; lastKnownFileType = folder.assetcatalog; path = Images.xcassets; sourceTree = "<group>"; };
		6607B9B61997D5DA00448677 /* Base */ = {isa = PBXFileReference; lastKnownFileType = file.xib; name = Base; path = Base.lproj/MainMenu.xib; sourceTree = "<group>"; };
		6607B9BC1997D5DA00448677 /* RedditJSONTests.xctest */ = {isa = PBXFileReference; explicitFileType = wrapper.cfbundle; includeInIndex = 0; path = RedditJSONTests.xctest; sourceTree = BUILT_PRODUCTS_DIR; };
		6607B9C11997D5DA00448677 /* Info.plist */ = {isa = PBXFileReference; lastKnownFileType = text.plist.xml; path = Info.plist; sourceTree = "<group>"; };
		6607B9C21997D5DA00448677 /* RedditJSONTests.swift */ = {isa = PBXFileReference; lastKnownFileType = sourcecode.swift; path = RedditJSONTests.swift; sourceTree = "<group>"; };
/* End PBXFileReference section */

/* Begin PBXFrameworksBuildPhase section */
		6607B9A71997D5DA00448677 /* Frameworks */ = {
			isa = PBXFrameworksBuildPhase;
			buildActionMask = 2147483647;
			files = (
			);
			runOnlyForDeploymentPostprocessing = 0;
		};
		6607B9B91997D5DA00448677 /* Frameworks */ = {
			isa = PBXFrameworksBuildPhase;
			buildActionMask = 2147483647;
			files = (
			);
			runOnlyForDeploymentPostprocessing = 0;
		};
/* End PBXFrameworksBuildPhase section */

/* Begin PBXGroup section */
		6607B9A11997D5D900448677 = {
			isa = PBXGroup;
			children = (
				6607B9AC1997D5DA00448677 /* RedditJSON */,
				6607B9BF1997D5DA00448677 /* RedditJSONTests */,
				6607B9AB1997D5DA00448677 /* Products */,
			);
			sourceTree = "<group>";
		};
		6607B9AB1997D5DA00448677 /* Products */ = {
			isa = PBXGroup;
			children = (
				6607B9AA1997D5DA00448677 /* RedditJSON.app */,
				6607B9BC1997D5DA00448677 /* RedditJSONTests.xctest */,
			);
			name = Products;
			sourceTree = "<group>";
		};
		6607B9AC1997D5DA00448677 /* RedditJSON */ = {
			isa = PBXGroup;
			children = (
				6607B9B11997D5DA00448677 /* AppDelegate.swift */,
				6607B9B31997D5DA00448677 /* Images.xcassets */,
				6607B9B51997D5DA00448677 /* MainMenu.xib */,
				6607B9AD1997D5DA00448677 /* Supporting Files */,
			);
			path = RedditJSON;
			sourceTree = "<group>";
		};
		6607B9AD1997D5DA00448677 /* Supporting Files */ = {
			isa = PBXGroup;
			children = (
				6607B9AE1997D5DA00448677 /* Info.plist */,
				6607B9AF1997D5DA00448677 /* main.swift */,
			);
			name = "Supporting Files";
			sourceTree = "<group>";
		};
		6607B9BF1997D5DA00448677 /* RedditJSONTests */ = {
			isa = PBXGroup;
			children = (
				6607B9C21997D5DA00448677 /* RedditJSONTests.swift */,
				6607B9C01997D5DA00448677 /* Supporting Files */,
			);
			path = RedditJSONTests;
			sourceTree = "<group>";
		};
		6607B9C01997D5DA00448677 /* Supporting Files */ = {
			isa = PBXGroup;
			children = (
				6607B9C11997D5DA00448677 /* Info.plist */,
			);
			name = "Supporting Files";
			sourceTree = "<group>";
		};
/* End PBXGroup section */

/* Begin PBXNativeTarget section */
		6607B9A91997D5DA00448677 /* RedditJSON */ = {
			isa = PBXNativeTarget;
			buildConfigurationList = 6607B9C61997D5DA00448677 /* Build configuration list for PBXNativeTarget "RedditJSON" */;
			buildPhases = (
				6607B9A61997D5DA00448677 /* Sources */,
				6607B9A71997D5DA00448677 /* Frameworks */,
				6607B9A81997D5DA00448677 /* Resources */,
			);
			buildRules = (
			);
			dependencies = (
			);
			name = RedditJSON;
			productName = RedditJSON;
			productReference = 6607B9AA1997D5DA00448677 /* RedditJSON.app */;
			productType = "com.apple.product-type.application";
		};
		6607B9BB1997D5DA00448677 /* RedditJSONTests */ = {
			isa = PBXNativeTarget;
			buildConfigurationList = 6607B9C91997D5DA00448677 /* Build configuration list for PBXNativeTarget "RedditJSONTests" */;
			buildPhases = (
				6607B9B81997D5DA00448677 /* Sources */,
				6607B9B91997D5DA00448677 /* Frameworks */,
				6607B9BA1997D5DA00448677 /* Resources */,
			);
			buildRules = (
			);
			dependencies = (
				6607B9BE1997D5DA00448677 /* PBXTargetDependency */,
			);
			name = RedditJSONTests;
			productName = RedditJSONTests;
			productReference = 6607B9BC1997D5DA00448677 /* RedditJSONTests.xctest */;
			productType = "com.apple.product-type.bundle.unit-test";
		};
/* End PBXNativeTarget section */

/* Begin PBXProject section */
		6607B9A21997D5D900448677 /* Project object */ = {
			isa = PBXProject;
			attributes = {
				LastUpgradeCheck = 0600;
				ORGANIZATIONNAME = "Adam Riggs";
				TargetAttributes = {
					6607B9A91997D5DA00448677 = {
						CreatedOnToolsVersion = 6.0;
					};
					6607B9BB1997D5DA00448677 = {
						CreatedOnToolsVersion = 6.0;
						TestTargetID = 6607B9A91997D5DA00448677;
					};
				};
			};
			buildConfigurationList = 6607B9A51997D5DA00448677 /* Build configuration list for PBXProject "RedditJSON" */;
			compatibilityVersion = "Xcode 3.2";
			developmentRegion = English;
			hasScannedForEncodings = 0;
			knownRegions = (
				en,
				Base,
			);
			mainGroup = 6607B9A11997D5D900448677;
			productRefGroup = 6607B9AB1997D5DA00448677 /* Products */;
			projectDirPath = "";
			projectRoot = "";
			targets = (
				6607B9A91997D5DA00448677 /* RedditJSON */,
				6607B9BB1997D5DA00448677 /* RedditJSONTests */,
			);
		};
/* End PBXProject section */

/* Begin PBXResourcesBuildPhase section */
		6607B9A81997D5DA00448677 /* Resources */ = {
			isa = PBXResourcesBuildPhase;
			buildActionMask = 2147483647;
			files = (
				6607B9B41997D5DA00448677 /* Images.xcassets in Resources */,
				6607B9B71997D5DA00448677 /* MainMenu.xib in Resources */,
			);
			runOnlyForDeploymentPostprocessing = 0;
		};
		6607B9BA1997D5DA00448677 /* Resources */ = {
			isa = PBXResourcesBuildPhase;
			buildActionMask = 2147483647;
			files = (
			);
			runOnlyForDeploymentPostprocessing = 0;
		};
/* End PBXResourcesBuildPhase section */

/* Begin PBXSourcesBuildPhase section */
		6607B9A61997D5DA00448677 /* Sources */ = {
			isa = PBXSourcesBuildPhase;
			buildActionMask = 2147483647;
			files = (
				6607B9B21997D5DA00448677 /* AppDelegate.swift in Sources */,
				6607B9B01997D5DA00448677 /* main.swift in Sources */,
			);
			runOnlyForDeploymentPostprocessing = 0;
		};
		6607B9B81997D5DA00448677 /* Sources */ = {
			isa = PBXSourcesBuildPhase;
			buildActionMask = 2147483647;
			files = (
				6607B9C31997D5DA00448677 /* RedditJSONTests.swift in Sources */,
			);
			runOnlyForDeploymentPostprocessing = 0;
		};
/* End PBXSourcesBuildPhase section */

/* Begin PBXTargetDependency section */
		6607B9BE1997D5DA00448677 /* PBXTargetDependency */ = {
			isa = PBXTargetDependency;
			target = 6607B9A91997D5DA00448677 /* RedditJSON */;
			targetProxy = 6607B9BD1997D5DA00448677 /* PBXContainerItemProxy */;
		};
/* End PBXTargetDependency section */

/* Begin PBXVariantGroup section */
		6607B9B51997D5DA00448677 /* MainMenu.xib */ = {
			isa = PBXVariantGroup;
			children = (
				6607B9B61997D5DA00448677 /* Base */,
			);
			name = MainMenu.xib;
			sourceTree = "<group>";
		};
/* End PBXVariantGroup section */

/* Begin XCBuildConfiguration section */
		6607B9C41997D5DA00448677 /* Debug */ = {
			isa = XCBuildConfiguration;
			buildSettings = {
				ALWAYS_SEARCH_USER_PATHS = NO;
				CLANG_CXX_LANGUAGE_STANDARD = "gnu++0x";
				CLANG_CXX_LIBRARY = "libc++";
				CLANG_ENABLE_MODULES = YES;
				CLANG_ENABLE_OBJC_ARC = YES;
				CLANG_WARN_BOOL_CONVERSION = YES;
				CLANG_WARN_CONSTANT_CONVERSION = YES;
				CLANG_WARN_DIRECT_OBJC_ISA_USAGE = YES_ERROR;
				CLANG_WARN_EMPTY_BODY = YES;
				CLANG_WARN_ENUM_CONVERSION = YES;
				CLANG_WARN_INT_CONVERSION = YES;
				CLANG_WARN_OBJC_ROOT_CLASS = YES_ERROR;
				CLANG_WARN_UNREACHABLE_CODE = YES;
				CLANG_WARN__DUPLICATE_METHOD_MATCH = YES;
				CODE_SIGN_IDENTITY = "-";
				COPY_PHASE_STRIP = NO;
				ENABLE_STRICT_OBJC_MSGSEND = YES;
				GCC_C_LANGUAGE_STANDARD = gnu99;
				GCC_DYNAMIC_NO_PIC = NO;
				GCC_OPTIMIZATION_LEVEL = 0;
				GCC_PREPROCESSOR_DEFINITIONS = (
					"DEBUG=1",
					"$(inherited)",
				);
				GCC_SYMBOLS_PRIVATE_EXTERN = NO;
				GCC_WARN_64_TO_32_BIT_CONVERSION = YES;
				GCC_WARN_ABOUT_RETURN_TYPE = YES_ERROR;
				GCC_WARN_UNDECLARED_SELECTOR = YES;
				GCC_WARN_UNINITIALIZED_AUTOS = YES_AGGRESSIVE;
				GCC_WARN_UNUSED_FUNCTION = YES;
				GCC_WARN_UNUSED_VARIABLE = YES;
				MACOSX_DEPLOYMENT_TARGET = 10.9;
				MTL_ENABLE_DEBUG_INFO = YES;
				ONLY_ACTIVE_ARCH = YES;
				SDKROOT = macosx;
				SWIFT_OPTIMIZATION_LEVEL = "-Onone";
			};
			name = Debug;
		};
		6607B9C51997D5DA00448677 /* Release */ = {
			isa = XCBuildConfiguration;
			buildSettings = {
				ALWAYS_SEARCH_USER_PATHS = NO;
				CLANG_CXX_LANGUAGE_STANDARD = "gnu++0x";
				CLANG_CXX_LIBRARY = "libc++";
				CLANG_ENABLE_MODULES = YES;
				CLANG_ENABLE_OBJC_ARC = YES;
				CLANG_WARN_BOOL_CONVERSION = YES;
				CLANG_WARN_CONSTANT_CONVERSION = YES;
				CLANG_WARN_DIRECT_OBJC_ISA_USAGE = YES_ERROR;
				CLANG_WARN_EMPTY_BODY = YES;
				CLANG_WARN_ENUM_CONVERSION = YES;
				CLANG_WARN_INT_CONVERSION = YES;
				CLANG_WARN_OBJC_ROOT_CLASS = YES_ERROR;
				CLANG_WARN_UNREACHABLE_CODE = YES;
				CLANG_WARN__DUPLICATE_METHOD_MATCH = YES;
				CODE_SIGN_IDENTITY = "-";
				COPY_PHASE_STRIP = YES;
				DEBUG_INFORMATION_FORMAT = "dwarf-with-dsym";
				ENABLE_NS_ASSERTIONS = NO;
				ENABLE_STRICT_OBJC_MSGSEND = YES;
				GCC_C_LANGUAGE_STANDARD = gnu99;
				GCC_WARN_64_TO_32_BIT_CONVERSION = YES;
				GCC_WARN_ABOUT_RETURN_TYPE = YES_ERROR;
				GCC_WARN_UNDECLARED_SELECTOR = YES;
				GCC_WARN_UNINITIALIZED_AUTOS = YES_AGGRESSIVE;
				GCC_WARN_UNUSED_FUNCTION = YES;
				GCC_WARN_UNUSED_VARIABLE = YES;
				MACOSX_DEPLOYMENT_TARGET = 10.9;
				MTL_ENABLE_DEBUG_INFO = NO;
				SDKROOT = macosx;
			};
			name = Release;
		};
		6607B9C71997D5DA00448677 /* Debug */ = {
			isa = XCBuildConfiguration;
			buildSettings = {
				ASSETCATALOG_COMPILER_APPICON_NAME = AppIcon;
				COMBINE_HIDPI_IMAGES = YES;
				INFOPLIST_FILE = RedditJSON/Info.plist;
				LD_RUNPATH_SEARCH_PATHS = "$(inherited) @executable_path/../Frameworks";
				PRODUCT_NAME = "$(TARGET_NAME)";
			};
			name = Debug;
		};
		6607B9C81997D5DA00448677 /* Release */ = {
			isa = XCBuildConfiguration;
			buildSettings = {
				ASSETCATALOG_COMPILER_APPICON_NAME = AppIcon;
				COMBINE_HIDPI_IMAGES = YES;
				INFOPLIST_FILE = RedditJSON/Info.plist;
				LD_RUNPATH_SEARCH_PATHS = "$(inherited) @executable_path/../Frameworks";
				PRODUCT_NAME = "$(TARGET_NAME)";
			};
			name = Release;
		};
		6607B9CA1997D5DA00448677 /* Debug */ = {
			isa = XCBuildConfiguration;
			buildSettings = {
				BUNDLE_LOADER = "$(BUILT_PRODUCTS_DIR)/RedditJSON.app/Contents/MacOS/RedditJSON";
				COMBINE_HIDPI_IMAGES = YES;
				FRAMEWORK_SEARCH_PATHS = (
					"$(DEVELOPER_FRAMEWORKS_DIR)",
					"$(inherited)",
				);
				GCC_PREPROCESSOR_DEFINITIONS = (
					"DEBUG=1",
					"$(inherited)",
				);
				INFOPLIST_FILE = RedditJSONTests/Info.plist;
				LD_RUNPATH_SEARCH_PATHS = "$(inherited) @executable_path/../Frameworks @loader_path/../Frameworks";
				PRODUCT_NAME = "$(TARGET_NAME)";
				TEST_HOST = "$(BUNDLE_LOADER)";
			};
			name = Debug;
		};
		6607B9CB1997D5DA00448677 /* Release */ = {
			isa = XCBuildConfiguration;
			buildSettings = {
				BUNDLE_LOADER = "$(BUILT_PRODUCTS_DIR)/RedditJSON.app/Contents/MacOS/RedditJSON";
				COMBINE_HIDPI_IMAGES = YES;
				FRAMEWORK_SEARCH_PATHS = (
					"$(DEVELOPER_FRAMEWORKS_DIR)",
					"$(inherited)",
				);
				INFOPLIST_FILE = RedditJSONTests/Info.plist;
				LD_RUNPATH_SEARCH_PATHS = "$(inherited) @executable_path/../Frameworks @loader_path/../Frameworks";
				PRODUCT_NAME = "$(TARGET_NAME)";
				TEST_HOST = "$(BUNDLE_LOADER)";
			};
			name = Release;
		};
/* End XCBuildConfiguration section */

/* Begin XCConfigurationList section */
		6607B9A51997D5DA00448677 /* Build configuration list for PBXProject "RedditJSON" */ = {
			isa = XCConfigurationList;
			buildConfigurations = (
				6607B9C41997D5DA00448677 /* Debug */,
				6607B9C51997D5DA00448677 /* Release */,
			);
			defaultConfigurationIsVisible = 0;
			defaultConfigurationName = Release;
		};
		6607B9C61997D5DA00448677 /* Build configuration list for PBXNativeTarget "RedditJSON" */ = {
			isa = XCConfigurationList;
			buildConfigurations = (
				6607B9C71997D5DA00448677 /* Debug */,
				6607B9C81997D5DA00448677 /* Release */,
			);
			defaultConfigurationIsVisible = 0;
		};
		6607B9C91997D5DA00448677 /* Build configuration list for PBXNativeTarget "RedditJSONTests" */ = {
			isa = XCConfigurationList;
			buildConfigurations = (
				6607B9CA1997D5DA00448677 /* Debug */,
				6607B9CB1997D5DA00448677 /* Release */,
			);
			defaultConfigurationIsVisible = 0;
		};
/* End XCConfigurationList section */
	};
	rootObject = 6607B9A21997D5D900448677 /* Project object */;
}
