// !$*UTF8*$!
{
	archiveVersion = 1;
	classes = {
	};
	objectVersion = 46;
	objects = {

/* Begin PBXBuildFile section */
		6607B9851997AF9E00448677 /* main.swift in Sources */ = {isa = PBXBuildFile; fileRef = 6607B9841997AF9E00448677 /* main.swift */; };
		6607B9871997AF9E00448677 /* AppDelegate.swift in Sources */ = {isa = PBXBuildFile; fileRef = 6607B9861997AF9E00448677 /* AppDelegate.swift */; };
		6607B9891997AF9E00448677 /* Images.xcassets in Resources */ = {isa = PBXBuildFile; fileRef = 6607B9881997AF9E00448677 /* Images.xcassets */; };
		6607B98C1997AF9E00448677 /* MainMenu.xib in Resources */ = {isa = PBXBuildFile; fileRef = 6607B98A1997AF9E00448677 /* MainMenu.xib */; };
		6607B9981997AF9E00448677 /* HelloWorldTests.swift in Sources */ = {isa = PBXBuildFile; fileRef = 6607B9971997AF9E00448677 /* HelloWorldTests.swift */; };
/* End PBXBuildFile section */

/* Begin PBXContainerItemProxy section */
		6607B9921997AF9E00448677 /* PBXContainerItemProxy */ = {
			isa = PBXContainerItemProxy;
			containerPortal = 6607B9771997AF9E00448677 /* Project object */;
			proxyType = 1;
			remoteGlobalIDString = 6607B97E1997AF9E00448677;
			remoteInfo = HelloWorld;
		};
/* End PBXContainerItemProxy section */

/* Begin PBXFileReference section */
		6607B97F1997AF9E00448677 /* HelloWorld.app */ = {isa = PBXFileReference; explicitFileType = wrapper.application; includeInIndex = 0; path = HelloWorld.app; sourceTree = BUILT_PRODUCTS_DIR; };
		6607B9831997AF9E00448677 /* Info.plist */ = {isa = PBXFileReference; lastKnownFileType = text.plist.xml; path = Info.plist; sourceTree = "<group>"; };
		6607B9841997AF9E00448677 /* main.swift */ = {isa = PBXFileReference; lastKnownFileType = sourcecode.swift; path = main.swift; sourceTree = "<group>"; };
		6607B9861997AF9E00448677 /* AppDelegate.swift */ = {isa = PBXFileReference; lastKnownFileType = sourcecode.swift; path = AppDelegate.swift; sourceTree = "<group>"; };
		6607B9881997AF9E00448677 /* Images.xcassets */ = {isa = PBXFileReference; lastKnownFileType = folder.assetcatalog; path = Images.xcassets; sourceTree = "<group>"; };
		6607B98B1997AF9E00448677 /* Base */ = {isa = PBXFileReference; lastKnownFileType = file.xib; name = Base; path = Base.lproj/MainMenu.xib; sourceTree = "<group>"; };
		6607B9911997AF9E00448677 /* HelloWorldTests.xctest */ = {isa = PBXFileReference; explicitFileType = wrapper.cfbundle; includeInIndex = 0; path = HelloWorldTests.xctest; sourceTree = BUILT_PRODUCTS_DIR; };
		6607B9961997AF9E00448677 /* Info.plist */ = {isa = PBXFileReference; lastKnownFileType = text.plist.xml; path = Info.plist; sourceTree = "<group>"; };
		6607B9971997AF9E00448677 /* HelloWorldTests.swift */ = {isa = PBXFileReference; lastKnownFileType = sourcecode.swift; path = HelloWorldTests.swift; sourceTree = "<group>"; };
/* End PBXFileReference section */

/* Begin PBXFrameworksBuildPhase section */
		6607B97C1997AF9E00448677 /* Frameworks */ = {
			isa = PBXFrameworksBuildPhase;
			buildActionMask = 2147483647;
			files = (
			);
			runOnlyForDeploymentPostprocessing = 0;
		};
		6607B98E1997AF9E00448677 /* Frameworks */ = {
			isa = PBXFrameworksBuildPhase;
			buildActionMask = 2147483647;
			files = (
			);
			runOnlyForDeploymentPostprocessing = 0;
		};
/* End PBXFrameworksBuildPhase section */

/* Begin PBXGroup section */
		6607B9761997AF9E00448677 = {
			isa = PBXGroup;
			children = (
				6607B9811997AF9E00448677 /* HelloWorld */,
				6607B9941997AF9E00448677 /* HelloWorldTests */,
				6607B9801997AF9E00448677 /* Products */,
			);
			sourceTree = "<group>";
		};
		6607B9801997AF9E00448677 /* Products */ = {
			isa = PBXGroup;
			children = (
				6607B97F1997AF9E00448677 /* HelloWorld.app */,
				6607B9911997AF9E00448677 /* HelloWorldTests.xctest */,
			);
			name = Products;
			sourceTree = "<group>";
		};
		6607B9811997AF9E00448677 /* HelloWorld */ = {
			isa = PBXGroup;
			children = (
				6607B9861997AF9E00448677 /* AppDelegate.swift */,
				6607B9881997AF9E00448677 /* Images.xcassets */,
				6607B98A1997AF9E00448677 /* MainMenu.xib */,
				6607B9821997AF9E00448677 /* Supporting Files */,
			);
			path = HelloWorld;
			sourceTree = "<group>";
		};
		6607B9821997AF9E00448677 /* Supporting Files */ = {
			isa = PBXGroup;
			children = (
				6607B9831997AF9E00448677 /* Info.plist */,
				6607B9841997AF9E00448677 /* main.swift */,
			);
			name = "Supporting Files";
			sourceTree = "<group>";
		};
		6607B9941997AF9E00448677 /* HelloWorldTests */ = {
			isa = PBXGroup;
			children = (
				6607B9971997AF9E00448677 /* HelloWorldTests.swift */,
				6607B9951997AF9E00448677 /* Supporting Files */,
			);
			path = HelloWorldTests;
			sourceTree = "<group>";
		};
		6607B9951997AF9E00448677 /* Supporting Files */ = {
			isa = PBXGroup;
			children = (
				6607B9961997AF9E00448677 /* Info.plist */,
			);
			name = "Supporting Files";
			sourceTree = "<group>";
		};
/* End PBXGroup section */

/* Begin PBXNativeTarget section */
		6607B97E1997AF9E00448677 /* HelloWorld */ = {
			isa = PBXNativeTarget;
			buildConfigurationList = 6607B99B1997AF9E00448677 /* Build configuration list for PBXNativeTarget "HelloWorld" */;
			buildPhases = (
				6607B97B1997AF9E00448677 /* Sources */,
				6607B97C1997AF9E00448677 /* Frameworks */,
				6607B97D1997AF9E00448677 /* Resources */,
			);
			buildRules = (
			);
			dependencies = (
			);
			name = HelloWorld;
			productName = HelloWorld;
			productReference = 6607B97F1997AF9E00448677 /* HelloWorld.app */;
			productType = "com.apple.product-type.application";
		};
		6607B9901997AF9E00448677 /* HelloWorldTests */ = {
			isa = PBXNativeTarget;
			buildConfigurationList = 6607B99E1997AF9E00448677 /* Build configuration list for PBXNativeTarget "HelloWorldTests" */;
			buildPhases = (
				6607B98D1997AF9E00448677 /* Sources */,
				6607B98E1997AF9E00448677 /* Frameworks */,
				6607B98F1997AF9E00448677 /* Resources */,
			);
			buildRules = (
			);
			dependencies = (
				6607B9931997AF9E00448677 /* PBXTargetDependency */,
			);
			name = HelloWorldTests;
			productName = HelloWorldTests;
			productReference = 6607B9911997AF9E00448677 /* HelloWorldTests.xctest */;
			productType = "com.apple.product-type.bundle.unit-test";
		};
/* End PBXNativeTarget section */

/* Begin PBXProject section */
		6607B9771997AF9E00448677 /* Project object */ = {
			isa = PBXProject;
			attributes = {
				LastUpgradeCheck = 0600;
				ORGANIZATIONNAME = "Adam Riggs";
				TargetAttributes = {
					6607B97E1997AF9E00448677 = {
						CreatedOnToolsVersion = 6.0;
					};
					6607B9901997AF9E00448677 = {
						CreatedOnToolsVersion = 6.0;
						TestTargetID = 6607B97E1997AF9E00448677;
					};
				};
			};
			buildConfigurationList = 6607B97A1997AF9E00448677 /* Build configuration list for PBXProject "HelloWorld" */;
			compatibilityVersion = "Xcode 3.2";
			developmentRegion = English;
			hasScannedForEncodings = 0;
			knownRegions = (
				en,
				Base,
			);
			mainGroup = 6607B9761997AF9E00448677;
			productRefGroup = 6607B9801997AF9E00448677 /* Products */;
			projectDirPath = "";
			projectRoot = "";
			targets = (
				6607B97E1997AF9E00448677 /* HelloWorld */,
				6607B9901997AF9E00448677 /* HelloWorldTests */,
			);
		};
/* End PBXProject section */

/* Begin PBXResourcesBuildPhase section */
		6607B97D1997AF9E00448677 /* Resources */ = {
			isa = PBXResourcesBuildPhase;
			buildActionMask = 2147483647;
			files = (
				6607B9891997AF9E00448677 /* Images.xcassets in Resources */,
				6607B98C1997AF9E00448677 /* MainMenu.xib in Resources */,
			);
			runOnlyForDeploymentPostprocessing = 0;
		};
		6607B98F1997AF9E00448677 /* Resources */ = {
			isa = PBXResourcesBuildPhase;
			buildActionMask = 2147483647;
			files = (
			);
			runOnlyForDeploymentPostprocessing = 0;
		};
/* End PBXResourcesBuildPhase section */

/* Begin PBXSourcesBuildPhase section */
		6607B97B1997AF9E00448677 /* Sources */ = {
			isa = PBXSourcesBuildPhase;
			buildActionMask = 2147483647;
			files = (
				6607B9871997AF9E00448677 /* AppDelegate.swift in Sources */,
				6607B9851997AF9E00448677 /* main.swift in Sources */,
			);
			runOnlyForDeploymentPostprocessing = 0;
		};
		6607B98D1997AF9E00448677 /* Sources */ = {
			isa = PBXSourcesBuildPhase;
			buildActionMask = 2147483647;
			files = (
				6607B9981997AF9E00448677 /* HelloWorldTests.swift in Sources */,
			);
			runOnlyForDeploymentPostprocessing = 0;
		};
/* End PBXSourcesBuildPhase section */

/* Begin PBXTargetDependency section */
		6607B9931997AF9E00448677 /* PBXTargetDependency */ = {
			isa = PBXTargetDependency;
			target = 6607B97E1997AF9E00448677 /* HelloWorld */;
			targetProxy = 6607B9921997AF9E00448677 /* PBXContainerItemProxy */;
		};
/* End PBXTargetDependency section */

/* Begin PBXVariantGroup section */
		6607B98A1997AF9E00448677 /* MainMenu.xib */ = {
			isa = PBXVariantGroup;
			children = (
				6607B98B1997AF9E00448677 /* Base */,
			);
			name = MainMenu.xib;
			sourceTree = "<group>";
		};
/* End PBXVariantGroup section */

/* Begin XCBuildConfiguration section */
		6607B9991997AF9E00448677 /* Debug */ = {
			isa = XCBuildConfiguration;
			buildSettings = {
				ALWAYS_SEARCH_USER_PATHS = NO;
				CLANG_CXX_LANGUAGE_STANDARD = "gnu++0x";
				CLANG_CXX_LIBRARY = "libc++";
				CLANG_ENABLE_MODULES = YES;
				CLANG_ENABLE_OBJC_ARC = YES;
				CLANG_WARN_BOOL_CONVERSION = YES;
				CLANG_WARN_CONSTANT_CONVERSION = YES;
				CLANG_WARN_DIRECT_OBJC_ISA_USAGE = YES_ERROR;
				CLANG_WARN_EMPTY_BODY = YES;
				CLANG_WARN_ENUM_CONVERSION = YES;
				CLANG_WARN_INT_CONVERSION = YES;
				CLANG_WARN_OBJC_ROOT_CLASS = YES_ERROR;
				CLANG_WARN_UNREACHABLE_CODE = YES;
				CLANG_WARN__DUPLICATE_METHOD_MATCH = YES;
				CODE_SIGN_IDENTITY = "-";
				COPY_PHASE_STRIP = NO;
				ENABLE_STRICT_OBJC_MSGSEND = YES;
				GCC_C_LANGUAGE_STANDARD = gnu99;
				GCC_DYNAMIC_NO_PIC = NO;
				GCC_OPTIMIZATION_LEVEL = 0;
				GCC_PREPROCESSOR_DEFINITIONS = (
					"DEBUG=1",
					"$(inherited)",
				);
				GCC_SYMBOLS_PRIVATE_EXTERN = NO;
				GCC_WARN_64_TO_32_BIT_CONVERSION = YES;
				GCC_WARN_ABOUT_RETURN_TYPE = YES_ERROR;
				GCC_WARN_UNDECLARED_SELECTOR = YES;
				GCC_WARN_UNINITIALIZED_AUTOS = YES_AGGRESSIVE;
				GCC_WARN_UNUSED_FUNCTION = YES;
				GCC_WARN_UNUSED_VARIABLE = YES;
				MACOSX_DEPLOYMENT_TARGET = 10.9;
				MTL_ENABLE_DEBUG_INFO = YES;
				ONLY_ACTIVE_ARCH = YES;
				SDKROOT = macosx;
				SWIFT_OPTIMIZATION_LEVEL = "-Onone";
			};
			name = Debug;
		};
		6607B99A1997AF9E00448677 /* Release */ = {
			isa = XCBuildConfiguration;
			buildSettings = {
				ALWAYS_SEARCH_USER_PATHS = NO;
				CLANG_CXX_LANGUAGE_STANDARD = "gnu++0x";
				CLANG_CXX_LIBRARY = "libc++";
				CLANG_ENABLE_MODULES = YES;
				CLANG_ENABLE_OBJC_ARC = YES;
				CLANG_WARN_BOOL_CONVERSION = YES;
				CLANG_WARN_CONSTANT_CONVERSION = YES;
				CLANG_WARN_DIRECT_OBJC_ISA_USAGE = YES_ERROR;
				CLANG_WARN_EMPTY_BODY = YES;
				CLANG_WARN_ENUM_CONVERSION = YES;
				CLANG_WARN_INT_CONVERSION = YES;
				CLANG_WARN_OBJC_ROOT_CLASS = YES_ERROR;
				CLANG_WARN_UNREACHABLE_CODE = YES;
				CLANG_WARN__DUPLICATE_METHOD_MATCH = YES;
				CODE_SIGN_IDENTITY = "-";
				COPY_PHASE_STRIP = YES;
				DEBUG_INFORMATION_FORMAT = "dwarf-with-dsym";
				ENABLE_NS_ASSERTIONS = NO;
				ENABLE_STRICT_OBJC_MSGSEND = YES;
				GCC_C_LANGUAGE_STANDARD = gnu99;
				GCC_WARN_64_TO_32_BIT_CONVERSION = YES;
				GCC_WARN_ABOUT_RETURN_TYPE = YES_ERROR;
				GCC_WARN_UNDECLARED_SELECTOR = YES;
				GCC_WARN_UNINITIALIZED_AUTOS = YES_AGGRESSIVE;
				GCC_WARN_UNUSED_FUNCTION = YES;
				GCC_WARN_UNUSED_VARIABLE = YES;
				MACOSX_DEPLOYMENT_TARGET = 10.9;
				MTL_ENABLE_DEBUG_INFO = NO;
				SDKROOT = macosx;
			};
			name = Release;
		};
		6607B99C1997AF9E00448677 /* Debug */ = {
			isa = XCBuildConfiguration;
			buildSettings = {
				ASSETCATALOG_COMPILER_APPICON_NAME = AppIcon;
				COMBINE_HIDPI_IMAGES = YES;
				INFOPLIST_FILE = HelloWorld/Info.plist;
				LD_RUNPATH_SEARCH_PATHS = "$(inherited) @executable_path/../Frameworks";
				PRODUCT_NAME = "$(TARGET_NAME)";
			};
			name = Debug;
		};
		6607B99D1997AF9E00448677 /* Release */ = {
			isa = XCBuildConfiguration;
			buildSettings = {
				ASSETCATALOG_COMPILER_APPICON_NAME = AppIcon;
				COMBINE_HIDPI_IMAGES = YES;
				INFOPLIST_FILE = HelloWorld/Info.plist;
				LD_RUNPATH_SEARCH_PATHS = "$(inherited) @executable_path/../Frameworks";
				PRODUCT_NAME = "$(TARGET_NAME)";
			};
			name = Release;
		};
		6607B99F1997AF9E00448677 /* Debug */ = {
			isa = XCBuildConfiguration;
			buildSettings = {
				BUNDLE_LOADER = "$(BUILT_PRODUCTS_DIR)/HelloWorld.app/Contents/MacOS/HelloWorld";
				COMBINE_HIDPI_IMAGES = YES;
				FRAMEWORK_SEARCH_PATHS = (
					"$(DEVELOPER_FRAMEWORKS_DIR)",
					"$(inherited)",
				);
				GCC_PREPROCESSOR_DEFINITIONS = (
					"DEBUG=1",
					"$(inherited)",
				);
				INFOPLIST_FILE = HelloWorldTests/Info.plist;
				LD_RUNPATH_SEARCH_PATHS = "$(inherited) @executable_path/../Frameworks @loader_path/../Frameworks";
				PRODUCT_NAME = "$(TARGET_NAME)";
				TEST_HOST = "$(BUNDLE_LOADER)";
			};
			name = Debug;
		};
		6607B9A01997AF9E00448677 /* Release */ = {
			isa = XCBuildConfiguration;
			buildSettings = {
				BUNDLE_LOADER = "$(BUILT_PRODUCTS_DIR)/HelloWorld.app/Contents/MacOS/HelloWorld";
				COMBINE_HIDPI_IMAGES = YES;
				FRAMEWORK_SEARCH_PATHS = (
					"$(DEVELOPER_FRAMEWORKS_DIR)",
					"$(inherited)",
				);
				INFOPLIST_FILE = HelloWorldTests/Info.plist;
				LD_RUNPATH_SEARCH_PATHS = "$(inherited) @executable_path/../Frameworks @loader_path/../Frameworks";
				PRODUCT_NAME = "$(TARGET_NAME)";
				TEST_HOST = "$(BUNDLE_LOADER)";
			};
			name = Release;
		};
/* End XCBuildConfiguration section */

/* Begin XCConfigurationList section */
		6607B97A1997AF9E00448677 /* Build configuration list for PBXProject "HelloWorld" */ = {
			isa = XCConfigurationList;
			buildConfigurations = (
				6607B9991997AF9E00448677 /* Debug */,
				6607B99A1997AF9E00448677 /* Release */,
			);
			defaultConfigurationIsVisible = 0;
			defaultConfigurationName = Release;
		};
		6607B99B1997AF9E00448677 /* Build configuration list for PBXNativeTarget "HelloWorld" */ = {
			isa = XCConfigurationList;
			buildConfigurations = (
				6607B99C1997AF9E00448677 /* Debug */,
				6607B99D1997AF9E00448677 /* Release */,
			);
			defaultConfigurationIsVisible = 0;
		};
		6607B99E1997AF9E00448677 /* Build configuration list for PBXNativeTarget "HelloWorldTests" */ = {
			isa = XCConfigurationList;
			buildConfigurations = (
				6607B99F1997AF9E00448677 /* Debug */,
				6607B9A01997AF9E00448677 /* Release */,
			);
			defaultConfigurationIsVisible = 0;
		};
/* End XCConfigurationList section */
	};
	rootObject = 6607B9771997AF9E00448677 /* Project object */;
}
